
Microsoft Visual Studio Solution File, Format Version 12.00
# Visual Studio Version 17
VisualStudioVersion = 17.7.34024.191
MinimumVisualStudioVersion = 10.0.40219.1
Project("{FAE04EC0-301F-11D3-BF4B-00C04F79EFBC}") = "SLAP_Week3_Exercise3_3_GenericPair", "SLAP_Week3_Exercise3_3_GenericPair.csproj", "{B82618C5-4F17-4BEF-BAFB-994275DDE524}"
EndProject
Global
	GlobalSection(SolutionConfigurationPlatforms) = preSolution
		Debug|Any CPU = Debug|Any CPU
		Release|Any CPU = Release|Any CPU
	EndGlobalSection
	GlobalSection(ProjectConfigurationPlatforms) = postSolution
		{B82618C5-4F17-4BEF-BAFB-994275DDE524}.Debug|Any CPU.ActiveCfg = Debug|Any CPU
		{B82618C5-4F17-4BEF-BAFB-994275DDE524}.Debug|Any CPU.Build.0 = Debug|Any CPU
		{B82618C5-4F17-4BEF-BAFB-994275DDE524}.Release|Any CPU.ActiveCfg = Release|Any CPU
		{B82618C5-4F17-4BEF-BAFB-994275DDE524}.Release|Any CPU.Build.0 = Release|Any CPU
	EndGlobalSection
	GlobalSection(SolutionProperties) = preSolution
		HideSolutionNode = FALSE
	EndGlobalSection
	GlobalSection(ExtensibilityGlobals) = postSolution
		SolutionGuid = {CDAB141C-95ED-40AB-9FFB-58458D572148}
	EndGlobalSection
EndGlobal
